Microsoft Visual Studio Solution File, Format Version 12.00
# Visual Studio Version 17
VisualStudioVersion = 17.5.2.0
MinimumVisualStudioVersion = 10.0.40219.1
Project("{FAE04EC0-301F-11D3-BF4B-00C04F79EFBC}") = "FixClientApp", "FixClientApp\FixClientApp.csproj", "{D8608A81-E639-91EA-A693-A76CFA31774D}"
EndProject
Global
	GlobalSection(SolutionConfigurationPlatforms) = preSolution
		Debug|Any CPU = Debug|Any CPU
		Release|Any CPU = Release|Any CPU
	EndGlobalSection
	GlobalSection(ProjectConfigurationPlatforms) = postSolution
		{D8608A81-E639-91EA-A693-A76CFA31774D}.Debug|Any CPU.ActiveCfg = Debug|Any CPU
		{D8608A81-E639-91EA-A693-A76CFA31774D}.Debug|Any CPU.Build.0 = Debug|Any CPU
		{D8608A81-E639-91EA-A693-A76CFA31774D}.Release|Any CPU.ActiveCfg = Release|Any CPU
		{D8608A81-E639-91EA-A693-A76CFA31774D}.Release|Any CPU.Build.0 = Release|Any CPU
	EndGlobalSection
	GlobalSection(SolutionProperties) = preSolution
		HideSolutionNode = FALSE
	EndGlobalSection
	GlobalSection(ExtensibilityGlobals) = postSolution
		SolutionGuid = {EE686291-7727-4BB5-A79D-515E534E179E}
	EndGlobalSection
EndGlobal
